
Microsoft Visual Studio Solution File, Format Version 12.00
# Visual Studio Version 17
VisualStudioVersion = 17.7.34202.233
MinimumVisualStudioVersion = 10.0.40219.1
Project("{FAE04EC0-301F-11D3-BF4B-00C04F79EFBC}") = "practicalwork_7", "practicalwork_7.csproj", "{011773A3-FDEB-4DD1-9FD4-3320927B6C8A}"
EndProject
Global
	GlobalSection(SolutionConfigurationPlatforms) = preSolution
		Debug|Any CPU = Debug|Any CPU
		Release|Any CPU = Release|Any CPU
	EndGlobalSection
	GlobalSection(ProjectConfigurationPlatforms) = postSolution
		{011773A3-FDEB-4DD1-9FD4-3320927B6C8A}.Debug|Any CPU.ActiveCfg = Debug|Any CPU
		{011773A3-FDEB-4DD1-9FD4-3320927B6C8A}.Debug|Any CPU.Build.0 = Debug|Any CPU
		{011773A3-FDEB-4DD1-9FD4-3320927B6C8A}.Release|Any CPU.ActiveCfg = Release|Any CPU
		{011773A3-FDEB-4DD1-9FD4-3320927B6C8A}.Release|Any CPU.Build.0 = Release|Any CPU
	EndGlobalSection
	GlobalSection(SolutionProperties) = preSolution
		HideSolutionNode = FALSE
	EndGlobalSection
	GlobalSection(ExtensibilityGlobals) = postSolution
		SolutionGuid = {E7CC73D6-6901-40C0-994B-898911E7A506}
	EndGlobalSection
EndGlobal
