
Microsoft Visual Studio Solution File, Format Version 12.00
# Visual Studio Version 17
VisualStudioVersion = 17.7.34202.233
MinimumVisualStudioVersion = 10.0.40219.1
Project("{FAE04EC0-301F-11D3-BF4B-00C04F79EFBC}") = "practicalwork_10", "practicalwork_10.csproj", "{C77A9867-C7D0-4C55-854B-4647FB1EC616}"
EndProject
Global
	GlobalSection(SolutionConfigurationPlatforms) = preSolution
		Debug|Any CPU = Debug|Any CPU
		Release|Any CPU = Release|Any CPU
	EndGlobalSection
	GlobalSection(ProjectConfigurationPlatforms) = postSolution
		{C77A9867-C7D0-4C55-854B-4647FB1EC616}.Debug|Any CPU.ActiveCfg = Debug|Any CPU
		{C77A9867-C7D0-4C55-854B-4647FB1EC616}.Debug|Any CPU.Build.0 = Debug|Any CPU
		{C77A9867-C7D0-4C55-854B-4647FB1EC616}.Release|Any CPU.ActiveCfg = Release|Any CPU
		{C77A9867-C7D0-4C55-854B-4647FB1EC616}.Release|Any CPU.Build.0 = Release|Any CPU
	EndGlobalSection
	GlobalSection(SolutionProperties) = preSolution
		HideSolutionNode = FALSE
	EndGlobalSection
	GlobalSection(ExtensibilityGlobals) = postSolution
		SolutionGuid = {925DA562-9BB7-4CF4-AC01-888D87AF2EE9}
	EndGlobalSection
EndGlobal
