
Microsoft Visual Studio Solution File, Format Version 12.00
# Visual Studio Version 17
VisualStudioVersion = 17.7.34202.233
MinimumVisualStudioVersion = 10.0.40219.1
Project("{FAE04EC0-301F-11D3-BF4B-00C04F79EFBC}") = "practicalwork_11", "practicalwork_11.csproj", "{7BFE7A18-05A1-4A09-B352-A238319366BB}"
EndProject
Project("{FAE04EC0-301F-11D3-BF4B-00C04F79EFBC}") = "practicalwork_12", "..\practicalwork_12\practicalwork_12.csproj", "{63BBA3D0-7E56-4DB4-8D8E-D8B937F8C625}"
EndProject
Project("{FAE04EC0-301F-11D3-BF4B-00C04F79EFBC}") = "practicalwork_13", "..\practicalwork_13\practicalwork_13.csproj", "{D53A8DFA-F1EE-4E55-9AC4-4D05E8E00B16}"
EndProject
Project("{FAE04EC0-301F-11D3-BF4B-00C04F79EFBC}") = "practicalwork_16", "..\practicalwork_16\practicalwork_16.csproj", "{7BD4E58F-DF96-4142-A8DC-EBC39890CC3C}"
EndProject
Project("{FAE04EC0-301F-11D3-BF4B-00C04F79EFBC}") = "practicalwork_17", "..\practicalwork_17\practicalwork_17.csproj", "{93EA00E1-3756-4370-99AD-850A38176B92}"
EndProject
Global
	GlobalSection(SolutionConfigurationPlatforms) = preSolution
		Debug|Any CPU = Debug|Any CPU
		Release|Any CPU = Release|Any CPU
	EndGlobalSection
	GlobalSection(ProjectConfigurationPlatforms) = postSolution
		{7BFE7A18-05A1-4A09-B352-A238319366BB}.Debug|Any CPU.ActiveCfg = Debug|Any CPU
		{7BFE7A18-05A1-4A09-B352-A238319366BB}.Debug|Any CPU.Build.0 = Debug|Any CPU
		{7BFE7A18-05A1-4A09-B352-A238319366BB}.Release|Any CPU.ActiveCfg = Release|Any CPU
		{7BFE7A18-05A1-4A09-B352-A238319366BB}.Release|Any CPU.Build.0 = Release|Any CPU
		{63BBA3D0-7E56-4DB4-8D8E-D8B937F8C625}.Debug|Any CPU.ActiveCfg = Debug|Any CPU
		{63BBA3D0-7E56-4DB4-8D8E-D8B937F8C625}.Debug|Any CPU.Build.0 = Debug|Any CPU
		{63BBA3D0-7E56-4DB4-8D8E-D8B937F8C625}.Release|Any CPU.ActiveCfg = Release|Any CPU
		{63BBA3D0-7E56-4DB4-8D8E-D8B937F8C625}.Release|Any CPU.Build.0 = Release|Any CPU
		{D53A8DFA-F1EE-4E55-9AC4-4D05E8E00B16}.Debug|Any CPU.ActiveCfg = Debug|Any CPU
		{D53A8DFA-F1EE-4E55-9AC4-4D05E8E00B16}.Debug|Any CPU.Build.0 = Debug|Any CPU
		{D53A8DFA-F1EE-4E55-9AC4-4D05E8E00B16}.Release|Any CPU.ActiveCfg = Release|Any CPU
		{D53A8DFA-F1EE-4E55-9AC4-4D05E8E00B16}.Release|Any CPU.Build.0 = Release|Any CPU
		{7BD4E58F-DF96-4142-A8DC-EBC39890CC3C}.Debug|Any CPU.ActiveCfg = Debug|Any CPU
		{7BD4E58F-DF96-4142-A8DC-EBC39890CC3C}.Debug|Any CPU.Build.0 = Debug|Any CPU
		{7BD4E58F-DF96-4142-A8DC-EBC39890CC3C}.Release|Any CPU.ActiveCfg = Release|Any CPU
		{7BD4E58F-DF96-4142-A8DC-EBC39890CC3C}.Release|Any CPU.Build.0 = Release|Any CPU
		{93EA00E1-3756-4370-99AD-850A38176B92}.Debug|Any CPU.ActiveCfg = Debug|Any CPU
		{93EA00E1-3756-4370-99AD-850A38176B92}.Debug|Any CPU.Build.0 = Debug|Any CPU
		{93EA00E1-3756-4370-99AD-850A38176B92}.Release|Any CPU.ActiveCfg = Release|Any CPU
		{93EA00E1-3756-4370-99AD-850A38176B92}.Release|Any CPU.Build.0 = Release|Any CPU
	EndGlobalSection
	GlobalSection(SolutionProperties) = preSolution
		HideSolutionNode = FALSE
	EndGlobalSection
	GlobalSection(ExtensibilityGlobals) = postSolution
		SolutionGuid = {988C6DBA-6C25-408B-97DA-FA645E913310}
	EndGlobalSection
EndGlobal
